
Microsoft Visual Studio Solution File, Format Version 12.00
# Visual Studio Version 16
VisualStudioVersion = 16.0.30611.23
MinimumVisualStudioVersion = 10.0.40219.1
Project("{8BC9CEB8-8B4A-11D0-8D11-00A0C91BC942}") = "Seminar", "Seminar.vcxproj", "{BEB2F94C-E523-44C5-85D4-32E818B7B896}"
EndProject
Global
	GlobalSection(SolutionConfigurationPlatforms) = preSolution
		Debug|x64 = Debug|x64
		Debug|x86 = Debug|x86
		Release|x64 = Release|x64
		Release|x86 = Release|x86
	EndGlobalSection
	GlobalSection(ProjectConfigurationPlatforms) = postSolution
		{BEB2F94C-E523-44C5-85D4-32E818B7B896}.Debug|x64.ActiveCfg = Debug|x64
		{BEB2F94C-E523-44C5-85D4-32E818B7B896}.Debug|x64.Build.0 = Debug|x64
		{BEB2F94C-E523-44C5-85D4-32E818B7B896}.Debug|x86.ActiveCfg = Debug|Win32
		{BEB2F94C-E523-44C5-85D4-32E818B7B896}.Debug|x86.Build.0 = Debug|Win32
		{BEB2F94C-E523-44C5-85D4-32E818B7B896}.Release|x64.ActiveCfg = Release|x64
		{BEB2F94C-E523-44C5-85D4-32E818B7B896}.Release|x64.Build.0 = Release|x64
		{BEB2F94C-E523-44C5-85D4-32E818B7B896}.Release|x86.ActiveCfg = Release|Win32
		{BEB2F94C-E523-44C5-85D4-32E818B7B896}.Release|x86.Build.0 = Release|Win32
	EndGlobalSection
	GlobalSection(SolutionProperties) = preSolution
		HideSolutionNode = FALSE
	EndGlobalSection
	GlobalSection(ExtensibilityGlobals) = postSolution
		SolutionGuid = {8C455C23-F53C-41C0-AEAB-792B2F48753F}
	EndGlobalSection
EndGlobal
