
Microsoft Visual Studio Solution File, Format Version 12.00
# Visual Studio Version 16
VisualStudioVersion = 16.0.30611.23
MinimumVisualStudioVersion = 10.0.40219.1
Project("{8BC9CEB8-8B4A-11D0-8D11-00A0C91BC942}") = "Project1", "Project1.vcxproj", "{ACEDB15B-CCB6-40B6-B50C-A6A1AE42B168}"
EndProject
Global
	GlobalSection(SolutionConfigurationPlatforms) = preSolution
		Debug|x64 = Debug|x64
		Debug|x86 = Debug|x86
		Release|x64 = Release|x64
		Release|x86 = Release|x86
	EndGlobalSection
	GlobalSection(ProjectConfigurationPlatforms) = postSolution
		{ACEDB15B-CCB6-40B6-B50C-A6A1AE42B168}.Debug|x64.ActiveCfg = Debug|x64
		{ACEDB15B-CCB6-40B6-B50C-A6A1AE42B168}.Debug|x64.Build.0 = Debug|x64
		{ACEDB15B-CCB6-40B6-B50C-A6A1AE42B168}.Debug|x86.ActiveCfg = Debug|Win32
		{ACEDB15B-CCB6-40B6-B50C-A6A1AE42B168}.Debug|x86.Build.0 = Debug|Win32
		{ACEDB15B-CCB6-40B6-B50C-A6A1AE42B168}.Release|x64.ActiveCfg = Release|x64
		{ACEDB15B-CCB6-40B6-B50C-A6A1AE42B168}.Release|x64.Build.0 = Release|x64
		{ACEDB15B-CCB6-40B6-B50C-A6A1AE42B168}.Release|x86.ActiveCfg = Release|Win32
		{ACEDB15B-CCB6-40B6-B50C-A6A1AE42B168}.Release|x86.Build.0 = Release|Win32
	EndGlobalSection
	GlobalSection(SolutionProperties) = preSolution
		HideSolutionNode = FALSE
	EndGlobalSection
	GlobalSection(ExtensibilityGlobals) = postSolution
		SolutionGuid = {5AA2BC7F-CD07-46A1-AEB6-F7288F4FFFB8}
	EndGlobalSection
EndGlobal
